
Microsoft Visual Studio Solution File, Format Version 12.00
# Visual Studio Version 16
VisualStudioVersion = 16.0.30907.101
MinimumVisualStudioVersion = 10.0.40219.1
Project("{9A19103F-16F7-4668-BE54-9A1E7A4F7556}") = "SamuraiApp.Data", "SamuraiApp.Data\SamuraiApp.Data.csproj", "{963E8906-CF36-4DC1-A7B0-10159C435DC5}"
EndProject
Project("{9A19103F-16F7-4668-BE54-9A1E7A4F7556}") = "SamuraiApp.Domain", "SamuraiApp.Domain\SamuraiApp.Domain.csproj", "{830B66D5-F2B5-45E5-B4AF-9D22353327BB}"
EndProject
Project("{FAE04EC0-301F-11D3-BF4B-00C04F79EFBC}") = "SamuraiAPI", "SamuraiAPI\SamuraiAPI.csproj", "{26CB3691-C023-49A7-A200-09469AFD6FB8}"
EndProject
Global
	GlobalSection(SolutionConfigurationPlatforms) = preSolution
		Debug|Any CPU = Debug|Any CPU
		Release|Any CPU = Release|Any CPU
	EndGlobalSection
	GlobalSection(ProjectConfigurationPlatforms) = postSolution
		{963E8906-CF36-4DC1-A7B0-10159C435DC5}.Debug|Any CPU.ActiveCfg = Debug|Any CPU
		{963E8906-CF36-4DC1-A7B0-10159C435DC5}.Debug|Any CPU.Build.0 = Debug|Any CPU
		{963E8906-CF36-4DC1-A7B0-10159C435DC5}.Release|Any CPU.ActiveCfg = Release|Any CPU
		{963E8906-CF36-4DC1-A7B0-10159C435DC5}.Release|Any CPU.Build.0 = Release|Any CPU
		{830B66D5-F2B5-45E5-B4AF-9D22353327BB}.Debug|Any CPU.ActiveCfg = Debug|Any CPU
		{830B66D5-F2B5-45E5-B4AF-9D22353327BB}.Debug|Any CPU.Build.0 = Debug|Any CPU
		{830B66D5-F2B5-45E5-B4AF-9D22353327BB}.Release|Any CPU.ActiveCfg = Release|Any CPU
		{830B66D5-F2B5-45E5-B4AF-9D22353327BB}.Release|Any CPU.Build.0 = Release|Any CPU
		{26CB3691-C023-49A7-A200-09469AFD6FB8}.Debug|Any CPU.ActiveCfg = Debug|Any CPU
		{26CB3691-C023-49A7-A200-09469AFD6FB8}.Debug|Any CPU.Build.0 = Debug|Any CPU
		{26CB3691-C023-49A7-A200-09469AFD6FB8}.Release|Any CPU.ActiveCfg = Release|Any CPU
		{26CB3691-C023-49A7-A200-09469AFD6FB8}.Release|Any CPU.Build.0 = Release|Any CPU
	EndGlobalSection
	GlobalSection(SolutionProperties) = preSolution
		HideSolutionNode = FALSE
	EndGlobalSection
	GlobalSection(ExtensibilityGlobals) = postSolution
		SolutionGuid = {21134985-9FAD-40E4-9119-7A81B821ABC2}
	EndGlobalSection
EndGlobal
